dependencies:
- name: common
  repository: file://../common
  version: 0.1.0
- name: ingestion-worker
  repository: file://../ingestion-worker
  version: 0.1.0
- name: mcp-gateway
  repository: file://../mcp-gateway
  version: 0.1.0
digest: sha256:a9eda1b9b06b685d77d029f88765f4022f4be53bc2df6c1fddaddb1608330778
generated: "2026-07-16T11:56:21.166203-04:00"
